
Microsoft Visual Studio Solution File, Format Version 12.00
# Visual Studio Version 16
VisualStudioVersion = 16.0.30413.136
MinimumVisualStudioVersion = 10.0.40219.1
Project("{FAE04EC0-301F-11D3-BF4B-00C04F79EFBC}") = "RESIDUOS", "RESIDUOS\RESIDUOS.csproj", "{4BE35437-DB8A-4401-BD1F-B82E39D7EBC5}"
EndProject
Global
	GlobalSection(SolutionConfigurationPlatforms) = preSolution
		Debug|Any CPU = Debug|Any CPU
		Release|Any CPU = Release|Any CPU
	EndGlobalSection
	GlobalSection(ProjectConfigurationPlatforms) = postSolution
		{4BE35437-DB8A-4401-BD1F-B82E39D7EBC5}.Debug|Any CPU.ActiveCfg = Debug|Any CPU
		{4BE35437-DB8A-4401-BD1F-B82E39D7EBC5}.Debug|Any CPU.Build.0 = Debug|Any CPU
		{4BE35437-DB8A-4401-BD1F-B82E39D7EBC5}.Release|Any CPU.ActiveCfg = Release|Any CPU
		{4BE35437-DB8A-4401-BD1F-B82E39D7EBC5}.Release|Any CPU.Build.0 = Release|Any CPU
	EndGlobalSection
	GlobalSection(SolutionProperties) = preSolution
		HideSolutionNode = FALSE
	EndGlobalSection
	GlobalSection(ExtensibilityGlobals) = postSolution
		SolutionGuid = {99C837CF-7B61-4142-887A-0041D410D31A}
	EndGlobalSection
EndGlobal
